// !$*UTF8*$!
{
	archiveVersion = 1;
	classes = {
	};
	objectVersion = 45;
	objects = {

/* Begin PBXBuildFile section */
		180A5BD113BC722B000EEDE8 /* ASIAuthenticationDialog.m in Sources */ = {isa = PBXBuildFile; fileRef = 180A5BBE13BC722B000EEDE8 /* ASIAuthenticationDialog.m */; };
		180A5BD213BC722B000EEDE8 /* ASIDataCompressor.m in Sources */ = {isa = PBXBuildFile; fileRef = 180A5BC113BC722B000EEDE8 /* ASIDataCompressor.m */; };
		180A5BD313BC722B000EEDE8 /* ASIDataDecompressor.m in Sources */ = {isa = PBXBuildFile; fileRef = 180A5BC313BC722B000EEDE8 /* ASIDataDecompressor.m */; };
		180A5BD413BC722B000EEDE8 /* ASIDownloadCache.m in Sources */ = {isa = PBXBuildFile; fileRef = 180A5BC513BC722B000EEDE8 /* ASIDownloadCache.m */; };
		180A5BD513BC722B000EEDE8 /* ASIFormDataRequest.m in Sources */ = {isa = PBXBuildFile; fileRef = 180A5BC713BC722B000EEDE8 /* ASIFormDataRequest.m */; };
		180A5BD613BC722B000EEDE8 /* ASIHTTPRequest.m in Sources */ = {isa = PBXBuildFile; fileRef = 180A5BC913BC722B000EEDE8 /* ASIHTTPRequest.m */; };
		180A5BD713BC722B000EEDE8 /* ASIInputStream.m in Sources */ = {isa = PBXBuildFile; fileRef = 180A5BCD13BC722B000EEDE8 /* ASIInputStream.m */; };
		180A5BD813BC722B000EEDE8 /* ASINetworkQueue.m in Sources */ = {isa = PBXBuildFile; fileRef = 180A5BCF13BC722B000EEDE8 /* ASINetworkQueue.m */; };
		180A5BDB13BC725B000EEDE8 /* Reachability.m in Sources */ = {isa = PBXBuildFile; fileRef = 180A5BDA13BC725B000EEDE8 /* Reachability.m */; };
		185EC0E8139CE46D0095613B /* BoardsViewController.m in Sources */ = {isa = PBXBuildFile; fileRef = 185EC0E6139CE46D0095613B /* BoardsViewController.m */; };
		185EC0E9139CE46D0095613B /* BoardsViewController.xib in Resources */ = {isa = PBXBuildFile; fileRef = 185EC0E7139CE46D0095613B /* BoardsViewController.xib */; };
		185EC171139CEF460095613B /* psbViewController.m in Sources */ = {isa = PBXBuildFile; fileRef = 185EC16F139CEF460095613B /* psbViewController.m */; };
		185EC172139CEF460095613B /* psbViewController.xib in Resources */ = {isa = PBXBuildFile; fileRef = 185EC170139CEF460095613B /* psbViewController.xib */; };
		18A880A3139E69260077873C /* studentMessageViewController.m in Sources */ = {isa = PBXBuildFile; fileRef = 18A880A1139E69260077873C /* studentMessageViewController.m */; };
		18A880A4139E69260077873C /* studentMessage.xib in Resources */ = {isa = PBXBuildFile; fileRef = 18A880A2139E69260077873C /* studentMessage.xib */; };
		18B643A712FE66A500745928 /* QuartzCore.framework in Frameworks */ = {isa = PBXBuildFile; fileRef = 18B643A612FE66A500745928 /* QuartzCore.framework */; };
		18BAC90E13BB70460081DCD2 /* iPhoneArrow.png in Resources */ = {isa = PBXBuildFile; fileRef = 18BAC90D13BB70460081DCD2 /* iPhoneArrow.png */; };
		18DBE9D213BC5EBE00DDC011 /* CFNetwork.framework in Frameworks */ = {isa = PBXBuildFile; fileRef = 18DBE9D113BC5EBE00DDC011 /* CFNetwork.framework */; };
		18DBE9D613BC5ED300DDC011 /* SystemConfiguration.framework in Frameworks */ = {isa = PBXBuildFile; fileRef = 18DBE9D513BC5ED300DDC011 /* SystemConfiguration.framework */; };
		18DBE9DB13BC5EEA00DDC011 /* MobileCoreServices.framework in Frameworks */ = {isa = PBXBuildFile; fileRef = 18DBE9DA13BC5EEA00DDC011 /* MobileCoreServices.framework */; };
		18DBE9DD13BC5EF600DDC011 /* libz.1.2.3.dylib in Frameworks */ = {isa = PBXBuildFile; fileRef = 18DBE9DC13BC5EF600DDC011 /* libz.1.2.3.dylib */; };
		18E8854F12FE6DA9004072DD /* studentViewController.m in Sources */ = {isa = PBXBuildFile; fileRef = 18E8854D12FE6DA9004072DD /* studentViewController.m */; };
		18E8855012FE6DA9004072DD /* studentViewController.xib in Resources */ = {isa = PBXBuildFile; fileRef = 18E8854E12FE6DA9004072DD /* studentViewController.xib */; };
		18F961A4139E5818002D8878 /* HCI.png in Resources */ = {isa = PBXBuildFile; fileRef = 18F961A3139E5818002D8878 /* HCI.png */; };
		18F961CD139E5D0A002D8878 /* Hwa_Chong_Institution_Logo.png in Resources */ = {isa = PBXBuildFile; fileRef = 18F961CC139E5D0A002D8878 /* Hwa_Chong_Institution_Logo.png */; };
		1D3623260D0F684500981E51 /* EMBAppDelegate.m in Sources */ = {isa = PBXBuildFile; fileRef = 1D3623250D0F684500981E51 /* EMBAppDelegate.m */; };
		1D60589B0D05DD56006BFB54 /* main.m in Sources */ = {isa = PBXBuildFile; fileRef = 29B97316FDCFA39411CA2CEA /* main.m */; };
		1D60589F0D05DD5A006BFB54 /* Foundation.framework in Frameworks */ = {isa = PBXBuildFile; fileRef = 1D30AB110D05D00D00671497 /* Foundation.framework */; };
		1DF5F4E00D08C38300B7A737 /* UIKit.framework in Frameworks */ = {isa = PBXBuildFile; fileRef = 1DF5F4DF0D08C38300B7A737 /* UIKit.framework */; };
		28860BE50F44EE6400985440 /* CoreData.framework in Frameworks */ = {isa = PBXBuildFile; fileRef = 28860BE40F44EE6400985440 /* CoreData.framework */; };
		2892E4100DC94CBA00A64D0F /* CoreGraphics.framework in Frameworks */ = {isa = PBXBuildFile; fileRef = 2892E40F0DC94CBA00A64D0F /* CoreGraphics.framework */; };
		2899E5600DE3E45000AC0155 /* LoginViewController.xib in Resources */ = {isa = PBXBuildFile; fileRef = 2899E55F0DE3E45000AC0155 /* LoginViewController.xib */; };
		28AD73600D9D9599002E5188 /* MainWindow.xib in Resources */ = {isa = PBXBuildFile; fileRef = 28AD735F0D9D9599002E5188 /* MainWindow.xib */; };
		28C286E10D94DF7D0034E888 /* LoginViewController.m in Sources */ = {isa = PBXBuildFile; fileRef = 28C286E00D94DF7D0034E888 /* LoginViewController.m */; };
		28D3F202112F7DC200FD0661 /* EMB.xcdatamodeld in Sources */ = {isa = PBXBuildFile; fileRef = 28D3F201112F7DC200FD0661 /* EMB.xcdatamodeld */; };
		6D495C6A13BF5911003262BF /* GHUnitIOS.framework in Frameworks */ = {isa = PBXBuildFile; fileRef = 6D495C6913BF5911003262BF /* GHUnitIOS.framework */; };
/* End PBXBuildFile section */

/* Begin PBXFileReference section */
		180A5BBD13BC722B000EEDE8 /* ASIAuthenticationDialog.h */ = {isa = PBXFileReference; fileEncoding = 4; lastKnownFileType = sourcecode.c.h; path = ASIAuthenticationDialog.h; sourceTree = "<group>"; };
		180A5BBE13BC722B000EEDE8 /* ASIAuthenticationDialog.m */ = {isa = PBXFileReference; fileEncoding = 4; lastKnownFileType = sourcecode.c.objc; path = ASIAuthenticationDialog.m; sourceTree = "<group>"; };
		180A5BBF13BC722B000EEDE8 /* ASICacheDelegate.h */ = {isa = PBXFileReference; fileEncoding = 4; lastKnownFileType = sourcecode.c.h; path = ASICacheDelegate.h; sourceTree = "<group>"; };
		180A5BC013BC722B000EEDE8 /* ASIDataCompressor.h */ = {isa = PBXFileReference; fileEncoding = 4; lastKnownFileType = sourcecode.c.h; path = ASIDataCompressor.h; sourceTree = "<group>"; };
		180A5BC113BC722B000EEDE8 /* ASIDataCompressor.m */ = {isa = PBXFileReference; fileEncoding = 4; lastKnownFileType = sourcecode.c.objc; path = ASIDataCompressor.m; sourceTree = "<group>"; };
		180A5BC213BC722B000EEDE8 /* ASIDataDecompressor.h */ = {isa = PBXFileReference; fileEncoding = 4; lastKnownFileType = sourcecode.c.h; path = ASIDataDecompressor.h; sourceTree = "<group>"; };
		180A5BC313BC722B000EEDE8 /* ASIDataDecompressor.m */ = {isa = PBXFileReference; fileEncoding = 4; lastKnownFileType = sourcecode.c.objc; path = ASIDataDecompressor.m; sourceTree = "<group>"; };
		180A5BC413BC722B000EEDE8 /* ASIDownloadCache.h */ = {isa = PBXFileReference; fileEncoding = 4; lastKnownFileType = sourcecode.c.h; path = ASIDownloadCache.h; sourceTree = "<group>"; };
		180A5BC513BC722B000EEDE8 /* ASIDownloadCache.m */ = {isa = PBXFileReference; fileEncoding = 4; lastKnownFileType = sourcecode.c.objc; path = ASIDownloadCache.m; sourceTree = "<group>"; };
		180A5BC613BC722B000EEDE8 /* ASIFormDataRequest.h */ = {isa = PBXFileReference; fileEncoding = 4; lastKnownFileType = sourcecode.c.h; path = ASIFormDataRequest.h; sourceTree = "<group>"; };
		180A5BC713BC722B000EEDE8 /* ASIFormDataRequest.m */ = {isa = PBXFileReference; fileEncoding = 4; lastKnownFileType = sourcecode.c.objc; path = ASIFormDataRequest.m; sourceTree = "<group>"; };
		180A5BC813BC722B000EEDE8 /* ASIHTTPRequest.h */ = {isa = PBXFileReference; fileEncoding = 4; lastKnownFileType = sourcecode.c.h; path = ASIHTTPRequest.h; sourceTree = "<group>"; };
		180A5BC913BC722B000EEDE8 /* ASIHTTPRequest.m */ = {isa = PBXFileReference; fileEncoding = 4; lastKnownFileType = sourcecode.c.objc; path = ASIHTTPRequest.m; sourceTree = "<group>"; };
		180A5BCA13BC722B000EEDE8 /* ASIHTTPRequestConfig.h */ = {isa = PBXFileReference; fileEncoding = 4; lastKnownFileType = sourcecode.c.h; path = ASIHTTPRequestConfig.h; sourceTree = "<group>"; };
		180A5BCB13BC722B000EEDE8 /* ASIHTTPRequestDelegate.h */ = {isa = PBXFileReference; fileEncoding = 4; lastKnownFileType = sourcecode.c.h; path = ASIHTTPRequestDelegate.h; sourceTree = "<group>"; };
		180A5BCC13BC722B000EEDE8 /* ASIInputStream.h */ = {isa = PBXFileReference; fileEncoding = 4; lastKnownFileType = sourcecode.c.h; path = ASIInputStream.h; sourceTree = "<group>"; };
		180A5BCD13BC722B000EEDE8 /* ASIInputStream.m */ = {isa = PBXFileReference; fileEncoding = 4; lastKnownFileType = sourcecode.c.objc; path = ASIInputStream.m; sourceTree = "<group>"; };
		180A5BCE13BC722B000EEDE8 /* ASINetworkQueue.h */ = {isa = PBXFileReference; fileEncoding = 4; lastKnownFileType = sourcecode.c.h; path = ASINetworkQueue.h; sourceTree = "<group>"; };
		180A5BCF13BC722B000EEDE8 /* ASINetworkQueue.m */ = {isa = PBXFileReference; fileEncoding = 4; lastKnownFileType = sourcecode.c.objc; path = ASINetworkQueue.m; sourceTree = "<group>"; };
		180A5BD013BC722B000EEDE8 /* ASIProgressDelegate.h */ = {isa = PBXFileReference; fileEncoding = 4; lastKnownFileType = sourcecode.c.h; path = ASIProgressDelegate.h; sourceTree = "<group>"; };
		180A5BD913BC725B000EEDE8 /* Reachability.h */ = {isa = PBXFileReference; fileEncoding = 4; lastKnownFileType = sourcecode.c.h; path = Reachability.h; sourceTree = "<group>"; };
		180A5BDA13BC725B000EEDE8 /* Reachability.m */ = {isa = PBXFileReference; fileEncoding = 4; lastKnownFileType = sourcecode.c.objc; path = Reachability.m; sourceTree = "<group>"; };
		185EC0E5139CE46D0095613B /* BoardsViewController.h */ = {isa = PBXFileReference; fileEncoding = 4; lastKnownFileType = sourcecode.c.h; path = BoardsViewController.h; sourceTree = "<group>"; };
		185EC0E6139CE46D0095613B /* BoardsViewController.m */ = {isa = PBXFileReference; fileEncoding = 4; lastKnownFileType = sourcecode.c.objc; path = BoardsViewController.m; sourceTree = "<group>"; };
		185EC0E7139CE46D0095613B /* BoardsViewController.xib */ = {isa = PBXFileReference; lastKnownFileType = file.xib; name = BoardsViewController.xib; path = Classes/BoardsViewController.xib; sourceTree = "<group>"; };
		185EC16E139CEF460095613B /* psbViewController.h */ = {isa = PBXFileReference; fileEncoding = 4; lastKnownFileType = sourcecode.c.h; path = psbViewController.h; sourceTree = "<group>"; };
		185EC16F139CEF460095613B /* psbViewController.m */ = {isa = PBXFileReference; fileEncoding = 4; lastKnownFileType = sourcecode.c.objc; path = psbViewController.m; sourceTree = "<group>"; };
		185EC170139CEF460095613B /* psbViewController.xib */ = {isa = PBXFileReference; lastKnownFileType = file.xib; name = psbViewController.xib; path = Classes/psbViewController.xib; sourceTree = "<group>"; };
		185EC1AD139CF1DB0095613B /* CGSPrivate.h */ = {isa = PBXFileReference; fileEncoding = 4; lastKnownFileType = sourcecode.c.h; path = CGSPrivate.h; sourceTree = "<group>"; };
		18A880A0139E69260077873C /* studentMessageViewController.h */ = {isa = PBXFileReference; fileEncoding = 4; lastKnownFileType = sourcecode.c.h; path = studentMessageViewController.h; sourceTree = "<group>"; };
		18A880A1139E69260077873C /* studentMessageViewController.m */ = {isa = PBXFileReference; fileEncoding = 4; lastKnownFileType = sourcecode.c.objc; path = studentMessageViewController.m; sourceTree = "<group>"; };
		18A880A2139E69260077873C /* studentMessage.xib */ = {isa = PBXFileReference; lastKnownFileType = file.xib; name = studentMessage.xib; path = Classes/studentMessage.xib; sourceTree = "<group>"; };
		18B643A612FE66A500745928 /* QuartzCore.framework */ = {isa = PBXFileReference; lastKnownFileType = wrapper.framework; name = QuartzCore.framework; path = System/Library/Frameworks/QuartzCore.framework; sourceTree = SDKROOT; };
		18BAC90D13BB70460081DCD2 /* iPhoneArrow.png */ = {isa = PBXFileReference; lastKnownFileType = image.png; path = iPhoneArrow.png; sourceTree = "<group>"; };
		18DBE9D113BC5EBE00DDC011 /* CFNetwork.framework */ = {isa = PBXFileReference; lastKnownFileType = wrapper.framework; name = CFNetwork.framework; path = System/Library/Frameworks/CFNetwork.framework; sourceTree = SDKROOT; };
		18DBE9D313BC5ECB00DDC011 /* libxml2.dylib */ = {isa = PBXFileReference; lastKnownFileType = "compiled.mach-o.dylib"; name = libxml2.dylib; path = usr/lib/libxml2.dylib; sourceTree = SDKROOT; };
		18DBE9D513BC5ED300DDC011 /* SystemConfiguration.framework */ = {isa = PBXFileReference; lastKnownFileType = wrapper.framework; name = SystemConfiguration.framework; path = System/Library/Frameworks/SystemConfiguration.framework; sourceTree = SDKROOT; };
		18DBE9DA13BC5EEA00DDC011 /* MobileCoreServices.framework */ = {isa = PBXFileReference; lastKnownFileType = wrapper.framework; name = MobileCoreServices.framework; path = System/Library/Frameworks/MobileCoreServices.framework; sourceTree = SDKROOT; };
		18DBE9DC13BC5EF600DDC011 /* libz.1.2.3.dylib */ = {isa = PBXFileReference; lastKnownFileType = "compiled.mach-o.dylib"; name = libz.1.2.3.dylib; path = usr/lib/libz.1.2.3.dylib; sourceTree = SDKROOT; };
		18E8854C12FE6DA9004072DD /* studentViewController.h */ = {isa = PBXFileReference; fileEncoding = 4; lastKnownFileType = sourcecode.c.h; path = studentViewController.h; sourceTree = "<group>"; };
		18E8854D12FE6DA9004072DD /* studentViewController.m */ = {isa = PBXFileReference; fileEncoding = 4; lastKnownFileType = sourcecode.c.objc; path = studentViewController.m; sourceTree = "<group>"; };
		18E8854E12FE6DA9004072DD /* studentViewController.xib */ = {isa = PBXFileReference; lastKnownFileType = file.xib; name = studentViewController.xib; path = Classes/studentViewController.xib; sourceTree = "<group>"; };
		18F961A3139E5818002D8878 /* HCI.png */ = {isa = PBXFileReference; lastKnownFileType = image.png; path = HCI.png; sourceTree = "<group>"; };
		18F961CC139E5D0A002D8878 /* Hwa_Chong_Institution_Logo.png */ = {isa = PBXFileReference; lastKnownFileType = image.png; path = Hwa_Chong_Institution_Logo.png; sourceTree = "<group>"; };
		1D30AB110D05D00D00671497 /* Foundation.framework */ = {isa = PBXFileReference; lastKnownFileType = wrapper.framework; name = Foundation.framework; path = System/Library/Frameworks/Foundation.framework; sourceTree = SDKROOT; };
		1D3623240D0F684500981E51 /* EMBAppDelegate.h */ = {isa = PBXFileReference; fileEncoding = 4; lastKnownFileType = sourcecode.c.h; path = EMBAppDelegate.h; sourceTree = "<group>"; };
		1D3623250D0F684500981E51 /* EMBAppDelegate.m */ = {isa = PBXFileReference; fileEncoding = 4; lastKnownFileType = sourcecode.c.objc; path = EMBAppDelegate.m; sourceTree = "<group>"; };
		1D6058910D05DD3D006BFB54 /* EMB.app */ = {isa = PBXFileReference; explicitFileType = wrapper.application; includeInIndex = 0; path = EMB.app; sourceTree = BUILT_PRODUCTS_DIR; };
		1DF5F4DF0D08C38300B7A737 /* UIKit.framework */ = {isa = PBXFileReference; lastKnownFileType = wrapper.framework; name = UIKit.framework; path = System/Library/Frameworks/UIKit.framework; sourceTree = SDKROOT; };
		28860B760F44E54D00985440 /* EMB.xcdatamodel */ = {isa = PBXFileReference; fileEncoding = 4; lastKnownFileType = wrapper.xcdatamodel; path = EMB.xcdatamodel; sourceTree = "<group>"; };
		28860BE40F44EE6400985440 /* CoreData.framework */ = {isa = PBXFileReference; lastKnownFileType = wrapper.framework; name = CoreData.framework; path = System/Library/Frameworks/CoreData.framework; sourceTree = SDKROOT; };
		2892E40F0DC94CBA00A64D0F /* CoreGraphics.framework */ = {isa = PBXFileReference; lastKnownFileType = wrapper.framework; name = CoreGraphics.framework; path = System/Library/Frameworks/CoreGraphics.framework; sourceTree = SDKROOT; };
		2899E55F0DE3E45000AC0155 /* LoginViewController.xib */ = {isa = PBXFileReference; lastKnownFileType = file.xib; path = LoginViewController.xib; sourceTree = "<group>"; };
		28A0AAE50D9B0CCF005BE974 /* EMB_Prefix.pch */ = {isa = PBXFileReference; fileEncoding = 4; lastKnownFileType = sourcecode.c.h; path = EMB_Prefix.pch; sourceTree = "<group>"; };
		28AD735F0D9D9599002E5188 /* MainWindow.xib */ = {isa = PBXFileReference; lastKnownFileType = file.xib; path = MainWindow.xib; sourceTree = "<group>"; };
		28C286DF0D94DF7D0034E888 /* LoginViewController.h */ = {isa = PBXFileReference; fileEncoding = 4; lastKnownFileType = sourcecode.c.h; path = LoginViewController.h; sourceTree = "<group>"; };
		28C286E00D94DF7D0034E888 /* LoginViewController.m */ = {isa = PBXFileReference; fileEncoding = 4; lastKnownFileType = sourcecode.c.objc; path = LoginViewController.m; sourceTree = "<group>"; };
		29B97316FDCFA39411CA2CEA /* main.m */ = {isa = PBXFileReference; fileEncoding = 4; lastKnownFileType = sourcecode.c.objc; path = main.m; sourceTree = "<group>"; };
		6D495C6913BF5911003262BF /* GHUnitIOS.framework */ = {isa = PBXFileReference; lastKnownFileType = wrapper.framework; name = GHUnitIOS.framework; path = /Users/Edgar/Programming/github/GHUnitIOS.framework; sourceTree = "<absolute>"; };
		8D1107310486CEB800E47090 /* EMB-Info.plist */ = {isa = PBXFileReference; fileEncoding = 4; lastKnownFileType = text.plist.xml; path = "EMB-Info.plist"; plistStructureDefinitionIdentifier = "com.apple.xcode.plist.structure-definition.iphone.info-plist"; sourceTree = "<group>"; };
/* End PBXFileReference section */

/* Begin PBXFrameworksBuildPhase section */
		1D60588F0D05DD3D006BFB54 /* Frameworks */ = {
			isa = PBXFrameworksBuildPhase;
			buildActionMask = 2147483647;
			files = (
				1D60589F0D05DD5A006BFB54 /* Foundation.framework in Frameworks */,
				1DF5F4E00D08C38300B7A737 /* UIKit.framework in Frameworks */,
				2892E4100DC94CBA00A64D0F /* CoreGraphics.framework in Frameworks */,
				28860BE50F44EE6400985440 /* CoreData.framework in Frameworks */,
				18B643A712FE66A500745928 /* QuartzCore.framework in Frameworks */,
				18DBE9D213BC5EBE00DDC011 /* CFNetwork.framework in Frameworks */,
				18DBE9D613BC5ED300DDC011 /* SystemConfiguration.framework in Frameworks */,
				18DBE9DB13BC5EEA00DDC011 /* MobileCoreServices.framework in Frameworks */,
				18DBE9DD13BC5EF600DDC011 /* libz.1.2.3.dylib in Frameworks */,
				6D495C6A13BF5911003262BF /* GHUnitIOS.framework in Frameworks */,
			);
			runOnlyForDeploymentPostprocessing = 0;
		};
/* End PBXFrameworksBuildPhase section */

/* Begin PBXGroup section */
		080E96DDFE201D6D7F000001 /* Classes */ = {
			isa = PBXGroup;
			children = (
				180A5BBD13BC722B000EEDE8 /* ASIAuthenticationDialog.h */,
				180A5BBE13BC722B000EEDE8 /* ASIAuthenticationDialog.m */,
				180A5BBF13BC722B000EEDE8 /* ASICacheDelegate.h */,
				180A5BC013BC722B000EEDE8 /* ASIDataCompressor.h */,
				180A5BC113BC722B000EEDE8 /* ASIDataCompressor.m */,
				180A5BC213BC722B000EEDE8 /* ASIDataDecompressor.h */,
				180A5BC313BC722B000EEDE8 /* ASIDataDecompressor.m */,
				180A5BC413BC722B000EEDE8 /* ASIDownloadCache.h */,
				180A5BC513BC722B000EEDE8 /* ASIDownloadCache.m */,
				180A5BC613BC722B000EEDE8 /* ASIFormDataRequest.h */,
				180A5BC713BC722B000EEDE8 /* ASIFormDataRequest.m */,
				180A5BC813BC722B000EEDE8 /* ASIHTTPRequest.h */,
				180A5BC913BC722B000EEDE8 /* ASIHTTPRequest.m */,
				180A5BCA13BC722B000EEDE8 /* ASIHTTPRequestConfig.h */,
				180A5BCB13BC722B000EEDE8 /* ASIHTTPRequestDelegate.h */,
				180A5BCC13BC722B000EEDE8 /* ASIInputStream.h */,
				180A5BCD13BC722B000EEDE8 /* ASIInputStream.m */,
				180A5BCE13BC722B000EEDE8 /* ASINetworkQueue.h */,
				180A5BCF13BC722B000EEDE8 /* ASINetworkQueue.m */,
				180A5BD013BC722B000EEDE8 /* ASIProgressDelegate.h */,
				18DBE91913BC5DBC00DDC011 /* New Group */,
			);
			path = Classes;
			sourceTree = "<group>";
		};
		180A5BDD13BC7261000EEDE8 /* Reachability */ = {
			isa = PBXGroup;
			children = (
				180A5BD913BC725B000EEDE8 /* Reachability.h */,
				180A5BDA13BC725B000EEDE8 /* Reachability.m */,
			);
			name = Reachability;
			sourceTree = "<group>";
		};
		18DBE91913BC5DBC00DDC011 /* New Group */ = {
			isa = PBXGroup;
			children = (
				28C286DF0D94DF7D0034E888 /* LoginViewController.h */,
				28C286E00D94DF7D0034E888 /* LoginViewController.m */,
				185EC0E5139CE46D0095613B /* BoardsViewController.h */,
				185EC0E6139CE46D0095613B /* BoardsViewController.m */,
				18E8854C12FE6DA9004072DD /* studentViewController.h */,
				18E8854D12FE6DA9004072DD /* studentViewController.m */,
				18A880A0139E69260077873C /* studentMessageViewController.h */,
				18A880A1139E69260077873C /* studentMessageViewController.m */,
				185EC16E139CEF460095613B /* psbViewController.h */,
				185EC16F139CEF460095613B /* psbViewController.m */,
				1D3623240D0F684500981E51 /* EMBAppDelegate.h */,
				1D3623250D0F684500981E51 /* EMBAppDelegate.m */,
			);
			name = "New Group";
			sourceTree = "<group>";
		};
		18DBE94A13BC5E1A00DDC011 /* External */ = {
			isa = PBXGroup;
			children = (
			);
			path = External;
			sourceTree = "<group>";
		};
		19C28FACFE9D520D11CA2CBB /* Products */ = {
			isa = PBXGroup;
			children = (
				1D6058910D05DD3D006BFB54 /* EMB.app */,
			);
			name = Products;
			sourceTree = "<group>";
		};
		29B97314FDCFA39411CA2CEA /* CustomTemplate */ = {
			isa = PBXGroup;
			children = (
				180A5BDD13BC7261000EEDE8 /* Reachability */,
				18DBE94A13BC5E1A00DDC011 /* External */,
				080E96DDFE201D6D7F000001 /* Classes */,
				29B97315FDCFA39411CA2CEA /* Other Sources */,
				29B97317FDCFA39411CA2CEA /* Resources */,
				29B97323FDCFA39411CA2CEA /* Frameworks */,
				19C28FACFE9D520D11CA2CBB /* Products */,
			);
			name = CustomTemplate;
			sourceTree = "<group>";
		};
		29B97315FDCFA39411CA2CEA /* Other Sources */ = {
			isa = PBXGroup;
			children = (
				28A0AAE50D9B0CCF005BE974 /* EMB_Prefix.pch */,
				185EC1AD139CF1DB0095613B /* CGSPrivate.h */,
				29B97316FDCFA39411CA2CEA /* main.m */,
			);
			name = "Other Sources";
			sourceTree = "<group>";
		};
		29B97317FDCFA39411CA2CEA /* Resources */ = {
			isa = PBXGroup;
			children = (
				18BAC90D13BB70460081DCD2 /* iPhoneArrow.png */,
				28D3F201112F7DC200FD0661 /* EMB.xcdatamodeld */,
				2899E55F0DE3E45000AC0155 /* LoginViewController.xib */,
				18F961CC139E5D0A002D8878 /* Hwa_Chong_Institution_Logo.png */,
				185EC0E7139CE46D0095613B /* BoardsViewController.xib */,
				18E8854E12FE6DA9004072DD /* studentViewController.xib */,
				18A880A2139E69260077873C /* studentMessage.xib */,
				185EC170139CEF460095613B /* psbViewController.xib */,
				28AD735F0D9D9599002E5188 /* MainWindow.xib */,
				18F961A3139E5818002D8878 /* HCI.png */,
				8D1107310486CEB800E47090 /* EMB-Info.plist */,
			);
			name = Resources;
			sourceTree = "<group>";
		};
		29B97323FDCFA39411CA2CEA /* Frameworks */ = {
			isa = PBXGroup;
			children = (
				18DBE9D313BC5ECB00DDC011 /* libxml2.dylib */,
				18DBE9D113BC5EBE00DDC011 /* CFNetwork.framework */,
				18DBE9D513BC5ED300DDC011 /* SystemConfiguration.framework */,
				18DBE9DA13BC5EEA00DDC011 /* MobileCoreServices.framework */,
				18DBE9DC13BC5EF600DDC011 /* libz.1.2.3.dylib */,
				1DF5F4DF0D08C38300B7A737 /* UIKit.framework */,
				1D30AB110D05D00D00671497 /* Foundation.framework */,
				2892E40F0DC94CBA00A64D0F /* CoreGraphics.framework */,
				28860BE40F44EE6400985440 /* CoreData.framework */,
				18B643A612FE66A500745928 /* QuartzCore.framework */,
				6D495C6913BF5911003262BF /* GHUnitIOS.framework */,
			);
			name = Frameworks;
			sourceTree = "<group>";
		};
/* End PBXGroup section */

/* Begin PBXNativeTarget section */
		1D6058900D05DD3D006BFB54 /* EMB */ = {
			isa = PBXNativeTarget;
			buildConfigurationList = 1D6058960D05DD3E006BFB54 /* Build configuration list for PBXNativeTarget "EMB" */;
			buildPhases = (
				1D60588D0D05DD3D006BFB54 /* Resources */,
				1D60588E0D05DD3D006BFB54 /* Sources */,
				1D60588F0D05DD3D006BFB54 /* Frameworks */,
			);
			buildRules = (
			);
			dependencies = (
			);
			name = EMB;
			productName = smb;
			productReference = 1D6058910D05DD3D006BFB54 /* EMB.app */;
			productType = "com.apple.product-type.application";
		};
/* End PBXNativeTarget section */

/* Begin PBXProject section */
		29B97313FDCFA39411CA2CEA /* Project object */ = {
			isa = PBXProject;
			buildConfigurationList = C01FCF4E08A954540054247B /* Build configuration list for PBXProject "EMB" */;
			compatibilityVersion = "Xcode 3.1";
			developmentRegion = English;
			hasScannedForEncodings = 1;
			knownRegions = (
				English,
				Japanese,
				French,
				German,
				en,
			);
			mainGroup = 29B97314FDCFA39411CA2CEA /* CustomTemplate */;
			projectDirPath = "";
			projectRoot = "";
			targets = (
				1D6058900D05DD3D006BFB54 /* EMB */,
			);
		};
/* End PBXProject section */

/* Begin PBXResourcesBuildPhase section */
		1D60588D0D05DD3D006BFB54 /* Resources */ = {
			isa = PBXResourcesBuildPhase;
			buildActionMask = 2147483647;
			files = (
				28AD73600D9D9599002E5188 /* MainWindow.xib in Resources */,
				2899E5600DE3E45000AC0155 /* LoginViewController.xib in Resources */,
				18E8855012FE6DA9004072DD /* studentViewController.xib in Resources */,
				185EC0E9139CE46D0095613B /* BoardsViewController.xib in Resources */,
				185EC172139CEF460095613B /* psbViewController.xib in Resources */,
				18F961A4139E5818002D8878 /* HCI.png in Resources */,
				18F961CD139E5D0A002D8878 /* Hwa_Chong_Institution_Logo.png in Resources */,
				18A880A4139E69260077873C /* studentMessage.xib in Resources */,
				18BAC90E13BB70460081DCD2 /* iPhoneArrow.png in Resources */,
			);
			runOnlyForDeploymentPostprocessing = 0;
		};
/* End PBXResourcesBuildPhase section */

/* Begin PBXSourcesBuildPhase section */
		1D60588E0D05DD3D006BFB54 /* Sources */ = {
			isa = PBXSourcesBuildPhase;
			buildActionMask = 2147483647;
			files = (
				1D60589B0D05DD56006BFB54 /* main.m in Sources */,
				1D3623260D0F684500981E51 /* EMBAppDelegate.m in Sources */,
				28C286E10D94DF7D0034E888 /* LoginViewController.m in Sources */,
				28D3F202112F7DC200FD0661 /* EMB.xcdatamodeld in Sources */,
				18E8854F12FE6DA9004072DD /* studentViewController.m in Sources */,
				185EC0E8139CE46D0095613B /* BoardsViewController.m in Sources */,
				185EC171139CEF460095613B /* psbViewController.m in Sources */,
				18A880A3139E69260077873C /* studentMessageViewController.m in Sources */,
				180A5BD113BC722B000EEDE8 /* ASIAuthenticationDialog.m in Sources */,
				180A5BD213BC722B000EEDE8 /* ASIDataCompressor.m in Sources */,
				180A5BD313BC722B000EEDE8 /* ASIDataDecompressor.m in Sources */,
				180A5BD413BC722B000EEDE8 /* ASIDownloadCache.m in Sources */,
				180A5BD513BC722B000EEDE8 /* ASIFormDataRequest.m in Sources */,
				180A5BD613BC722B000EEDE8 /* ASIHTTPRequest.m in Sources */,
				180A5BD713BC722B000EEDE8 /* ASIInputStream.m in Sources */,
				180A5BD813BC722B000EEDE8 /* ASINetworkQueue.m in Sources */,
				180A5BDB13BC725B000EEDE8 /* Reachability.m in Sources */,
			);
			runOnlyForDeploymentPostprocessing = 0;
		};
/* End PBXSourcesBuildPhase section */

/* Begin XCBuildConfiguration section */
		1D6058940D05DD3E006BFB54 /* Debug */ = {
			isa = XCBuildConfiguration;
			buildSettings = {
				ALWAYS_SEARCH_USER_PATHS = NO;
				COPY_PHASE_STRIP = NO;
				FRAMEWORK_SEARCH_PATHS = (
					"$(inherited)",
					"\"$(SRCROOT)/../../Downloads\"",
					"\"$(SRCROOT)/../..\"",
				);
				GCC_DYNAMIC_NO_PIC = NO;
				GCC_OPTIMIZATION_LEVEL = 0;
				GCC_PRECOMPILE_PREFIX_HEADER = YES;
				GCC_PREFIX_HEADER = EMB_Prefix.pch;
				HEADER_SEARCH_PATHS = "/usr/include/libxml2/**";
				INFOPLIST_FILE = "EMB-Info.plist";
				PRODUCT_NAME = EMB;
			};
			name = Debug;
		};
		1D6058950D05DD3E006BFB54 /* Release */ = {
			isa = XCBuildConfiguration;
			buildSettings = {
				ALWAYS_SEARCH_USER_PATHS = NO;
				COPY_PHASE_STRIP = YES;
				FRAMEWORK_SEARCH_PATHS = (
					"$(inherited)",
					"\"$(SRCROOT)/../../Downloads\"",
					"\"$(SRCROOT)/../..\"",
				);
				GCC_PRECOMPILE_PREFIX_HEADER = YES;
				GCC_PREFIX_HEADER = smb_Prefix.pch;
				HEADER_SEARCH_PATHS = "/usr/include/libxml2/**";
				INFOPLIST_FILE = "EMB-Info.plist";
				PRODUCT_NAME = smb;
				VALIDATE_PRODUCT = YES;
			};
			name = Release;
		};
		C01FCF4F08A954540054247B /* Debug */ = {
			isa = XCBuildConfiguration;
			buildSettings = {
				ARCHS = "$(ARCHS_STANDARD_32_BIT)";
				"CODE_SIGN_IDENTITY[sdk=iphoneos*]" = "iPhone Developer";
				GCC_C_LANGUAGE_STANDARD = c99;
				GCC_WARN_ABOUT_RETURN_TYPE = YES;
				GCC_WARN_UNUSED_VARIABLE = YES;
				PREBINDING = NO;
				SDKROOT = iphoneos4.3;
			};
			name = Debug;
		};
		C01FCF5008A954540054247B /* Release */ = {
			isa = XCBuildConfiguration;
			buildSettings = {
				ARCHS = "$(ARCHS_STANDARD_32_BIT)";
				"CODE_SIGN_IDENTITY[sdk=iphoneos*]" = "iPhone Developer";
				GCC_C_LANGUAGE_STANDARD = c99;
				GCC_WARN_ABOUT_RETURN_TYPE = YES;
				GCC_WARN_UNUSED_VARIABLE = YES;
				OTHER_CFLAGS = "-DNS_BLOCK_ASSERTIONS=1";
				PREBINDING = NO;
				SDKROOT = iphoneos4.0;
			};
			name = Release;
		};
/* End XCBuildConfiguration section */

/* Begin XCConfigurationList section */
		1D6058960D05DD3E006BFB54 /* Build configuration list for PBXNativeTarget "EMB" */ = {
			isa = XCConfigurationList;
			buildConfigurations = (
				1D6058940D05DD3E006BFB54 /* Debug */,
				1D6058950D05DD3E006BFB54 /* Release */,
			);
			defaultConfigurationIsVisible = 0;
			defaultConfigurationName = Release;
		};
		C01FCF4E08A954540054247B /* Build configuration list for PBXProject "EMB" */ = {
			isa = XCConfigurationList;
			buildConfigurations = (
				C01FCF4F08A954540054247B /* Debug */,
				C01FCF5008A954540054247B /* Release */,
			);
			defaultConfigurationIsVisible = 0;
			defaultConfigurationName = Release;
		};
/* End XCConfigurationList section */

/* Begin XCVersionGroup section */
		28D3F201112F7DC200FD0661 /* EMB.xcdatamodeld */ = {
			isa = XCVersionGroup;
			children = (
				28860B760F44E54D00985440 /* EMB.xcdatamodel */,
			);
			currentVersion = 28860B760F44E54D00985440 /* EMB.xcdatamodel */;
			name = EMB.xcdatamodeld;
			path = smb.xcdatamodeld;
			sourceTree = "<group>";
			versionGroupType = wrapper.xcdatamodel;
		};
/* End XCVersionGroup section */
	};
	rootObject = 29B97313FDCFA39411CA2CEA /* Project object */;
}
